
Microsoft Visual Studio Solution File, Format Version 12.00
# Visual Studio Version 17
VisualStudioVersion = 17.5.33530.505
MinimumVisualStudioVersion = 10.0.40219.1
Project("{FAE04EC0-301F-11D3-BF4B-00C04F79EFBC}") = "Dijkstra", "Dijkstra.csproj", "{FFD5C12A-477E-4BD2-943E-A01137F3C590}"
EndProject
Global
	GlobalSection(SolutionConfigurationPlatforms) = preSolution
		Debug|Any CPU = Debug|Any CPU
		Release|Any CPU = Release|Any CPU
	EndGlobalSection
	GlobalSection(ProjectConfigurationPlatforms) = postSolution
		{FFD5C12A-477E-4BD2-943E-A01137F3C590}.Debug|Any CPU.ActiveCfg = Debug|Any CPU
		{FFD5C12A-477E-4BD2-943E-A01137F3C590}.Debug|Any CPU.Build.0 = Debug|Any CPU
		{FFD5C12A-477E-4BD2-943E-A01137F3C590}.Release|Any CPU.ActiveCfg = Release|Any CPU
		{FFD5C12A-477E-4BD2-943E-A01137F3C590}.Release|Any CPU.Build.0 = Release|Any CPU
	EndGlobalSection
	GlobalSection(SolutionProperties) = preSolution
		HideSolutionNode = FALSE
	EndGlobalSection
	GlobalSection(ExtensibilityGlobals) = postSolution
		SolutionGuid = {AF46FF79-C9C4-44AF-8AFC-FB56169DD6C7}
	EndGlobalSection
EndGlobal
